
Microsoft Visual Studio Solution File, Format Version 12.00
# Visual Studio Version 16
VisualStudioVersion = 16.0.30413.136
MinimumVisualStudioVersion = 10.0.40219.1
Project("{FAE04EC0-301F-11D3-BF4B-00C04F79EFBC}") = "BandAPI", "BandAPI.csproj", "{D7EB90A3-5F20-425A-82F0-04487C6FF7A7}"
EndProject
Global
	GlobalSection(SolutionConfigurationPlatforms) = preSolution
		Debug|Any CPU = Debug|Any CPU
		Release|Any CPU = Release|Any CPU
	EndGlobalSection
	GlobalSection(ProjectConfigurationPlatforms) = postSolution
		{D7EB90A3-5F20-425A-82F0-04487C6FF7A7}.Debug|Any CPU.ActiveCfg = Debug|Any CPU
		{D7EB90A3-5F20-425A-82F0-04487C6FF7A7}.Debug|Any CPU.Build.0 = Debug|Any CPU
		{D7EB90A3-5F20-425A-82F0-04487C6FF7A7}.Release|Any CPU.ActiveCfg = Release|Any CPU
		{D7EB90A3-5F20-425A-82F0-04487C6FF7A7}.Release|Any CPU.Build.0 = Release|Any CPU
	EndGlobalSection
	GlobalSection(SolutionProperties) = preSolution
		HideSolutionNode = FALSE
	EndGlobalSection
	GlobalSection(ExtensibilityGlobals) = postSolution
		SolutionGuid = {2B6E5BF8-C794-4D0B-88B9-343ED30B8366}
	EndGlobalSection
EndGlobal
